
Microsoft Visual Studio Solution File, Format Version 12.00
# Visual Studio Version 17
VisualStudioVersion = 17.4.33110.190
MinimumVisualStudioVersion = 10.0.40219.1
Project("{FAE04EC0-301F-11D3-BF4B-00C04F79EFBC}") = "Algorithm_Programs", "Algorithm_Programs\Algorithm_Programs.csproj", "{4EB0BCBE-081F-419A-A982-1F1EC6CD0B0A}"
EndProject
Global
	GlobalSection(SolutionConfigurationPlatforms) = preSolution
		Debug|Any CPU = Debug|Any CPU
		Release|Any CPU = Release|Any CPU
	EndGlobalSection
	GlobalSection(ProjectConfigurationPlatforms) = postSolution
		{4EB0BCBE-081F-419A-A982-1F1EC6CD0B0A}.Debug|Any CPU.ActiveCfg = Debug|Any CPU
		{4EB0BCBE-081F-419A-A982-1F1EC6CD0B0A}.Debug|Any CPU.Build.0 = Debug|Any CPU
		{4EB0BCBE-081F-419A-A982-1F1EC6CD0B0A}.Release|Any CPU.ActiveCfg = Release|Any CPU
		{4EB0BCBE-081F-419A-A982-1F1EC6CD0B0A}.Release|Any CPU.Build.0 = Release|Any CPU
	EndGlobalSection
	GlobalSection(SolutionProperties) = preSolution
		HideSolutionNode = FALSE
	EndGlobalSection
	GlobalSection(ExtensibilityGlobals) = postSolution
		SolutionGuid = {C8521471-9129-4EEB-9127-2BE50EBD0188}
	EndGlobalSection
EndGlobal
